{
  "name": "auto_showroom",
  "lockfileVersion": 3,
  "requires": true,
  "packages": {
    "": {
      "dependencies": {
        "jarallax": "^2.2.1"
      }
    },
    "node_modules/jarallax": {
      "version": "2.2.1",
      "resolved": "https://registry.npmjs.org/jarallax/-/jarallax-2.2.1.tgz",
      "integrity": "sha512-O4pqiWGp856cTGG5uBG9b0Uk7AIRmfFCVisRwgpICsG2xyIRnUrVbx4SIbpzUDAhkD00jdjBiqb1bZPTkHi1vQ==",
      "dependencies": {
        "video-worker": "^2.2.0"
      }
    },
    "node_modules/video-worker": {
      "version": "2.2.0",
      "resolved": "https://registry.npmjs.org/video-worker/-/video-worker-2.2.0.tgz",
      "integrity": "sha512-bjdpCArfD/kvt3HBU2sJUEEFq+6HjIufKXL2NojWswInxalJwR5yh/cgaGismHS8PAe5hx+W0GfrFqlxJTfI/w=="
    }
  }
}
